
Microsoft Visual Studio Solution File, Format Version 12.00
# Visual Studio Version 17
VisualStudioVersion = 17.1.32210.238
MinimumVisualStudioVersion = 10.0.40219.1
Project("{FAE04EC0-301F-11D3-BF4B-00C04F79EFBC}") = "ItemChangerDataLoader", "ItemChangerDataLoader\ItemChangerDataLoader.csproj", "{03D98335-1296-48A5-97D1-A0383E881D47}"
EndProject
Global
	GlobalSection(SolutionConfigurationPlatforms) = preSolution
		Debug|Any CPU = Debug|Any CPU
		Release|Any CPU = Release|Any CPU
	EndGlobalSection
	GlobalSection(ProjectConfigurationPlatforms) = postSolution
		{03D98335-1296-48A5-97D1-A0383E881D47}.Debug|Any CPU.ActiveCfg = Debug|Any CPU
		{03D98335-1296-48A5-97D1-A0383E881D47}.Debug|Any CPU.Build.0 = Debug|Any CPU
		{03D98335-1296-48A5-97D1-A0383E881D47}.Release|Any CPU.ActiveCfg = Release|Any CPU
		{03D98335-1296-48A5-97D1-A0383E881D47}.Release|Any CPU.Build.0 = Release|Any CPU
	EndGlobalSection
	GlobalSection(SolutionProperties) = preSolution
		HideSolutionNode = FALSE
	EndGlobalSection
	GlobalSection(ExtensibilityGlobals) = postSolution
		SolutionGuid = {A5DB1E08-55EA-4C47-B85E-2E8830DA0185}
	EndGlobalSection
EndGlobal
